
Microsoft Visual Studio Solution File, Format Version 12.00
# Visual Studio Version 17
VisualStudioVersion = 17.3.32804.467
MinimumVisualStudioVersion = 10.0.40219.1
Project("{9A19103F-16F7-4668-BE54-9A1E7A4F7556}") = "Odev3", "Odev3\Odev3.csproj", "{79F517C4-15B5-4FC5-B2B6-EBDA6CDC9762}"
EndProject
Project("{9A19103F-16F7-4668-BE54-9A1E7A4F7556}") = "Odev4", "Odev4\Odev4.csproj", "{FD561035-C7C8-4CD9-AE10-583A179AC93B}"
EndProject
Project("{FAE04EC0-301F-11D3-BF4B-00C04F79EFBC}") = "Odev33", "Odev33\Odev33.csproj", "{DF9741E9-8806-4C0C-A70A-AEAC81231847}"
EndProject
Global
	GlobalSection(SolutionConfigurationPlatforms) = preSolution
		Debug|Any CPU = Debug|Any CPU
		Release|Any CPU = Release|Any CPU
	EndGlobalSection
	GlobalSection(ProjectConfigurationPlatforms) = postSolution
		{79F517C4-15B5-4FC5-B2B6-EBDA6CDC9762}.Debug|Any CPU.ActiveCfg = Debug|Any CPU
		{79F517C4-15B5-4FC5-B2B6-EBDA6CDC9762}.Debug|Any CPU.Build.0 = Debug|Any CPU
		{79F517C4-15B5-4FC5-B2B6-EBDA6CDC9762}.Release|Any CPU.ActiveCfg = Release|Any CPU
		{79F517C4-15B5-4FC5-B2B6-EBDA6CDC9762}.Release|Any CPU.Build.0 = Release|Any CPU
		{FD561035-C7C8-4CD9-AE10-583A179AC93B}.Debug|Any CPU.ActiveCfg = Debug|Any CPU
		{FD561035-C7C8-4CD9-AE10-583A179AC93B}.Debug|Any CPU.Build.0 = Debug|Any CPU
		{FD561035-C7C8-4CD9-AE10-583A179AC93B}.Release|Any CPU.ActiveCfg = Release|Any CPU
		{FD561035-C7C8-4CD9-AE10-583A179AC93B}.Release|Any CPU.Build.0 = Release|Any CPU
		{DF9741E9-8806-4C0C-A70A-AEAC81231847}.Debug|Any CPU.ActiveCfg = Debug|Any CPU
		{DF9741E9-8806-4C0C-A70A-AEAC81231847}.Debug|Any CPU.Build.0 = Debug|Any CPU
		{DF9741E9-8806-4C0C-A70A-AEAC81231847}.Release|Any CPU.ActiveCfg = Release|Any CPU
		{DF9741E9-8806-4C0C-A70A-AEAC81231847}.Release|Any CPU.Build.0 = Release|Any CPU
	EndGlobalSection
	GlobalSection(SolutionProperties) = preSolution
		HideSolutionNode = FALSE
	EndGlobalSection
	GlobalSection(ExtensibilityGlobals) = postSolution
		SolutionGuid = {B471C177-0F51-42B3-8DF0-6505EDD24EBE}
	EndGlobalSection
EndGlobal
